PODS:
  - Amplify (1.0.6):
    - Amplify/Default (= 1.0.6)
  - Amplify/Default (1.0.6)
  - Amplify/Tools (1.0.6)
  - AmplifyPlugins/AWSDataStorePlugin (1.0.6):
    - AWSAuthCore (~> 2.15.0)
    - AWSCore (~> 2.15.0)
    - AWSPluginsCore (= 1.0.6)
    - SQLite.swift (~> 0.12.0)
  - AWSAuthCore (2.15.1):
    - AWSCore (= 2.15.1)
  - AWSCognitoIdentityProvider (2.15.1):
    - AWSCognitoIdentityProviderASF (= 1.0.1)
    - AWSCore (= 2.15.1)
  - AWSCognitoIdentityProviderASF (1.0.1)
  - AWSCore (2.15.1)
  - AWSMobileClient (2.15.1):
    - AWSAuthCore (= 2.15.1)
    - AWSCognitoIdentityProvider (= 2.15.1)
  - AWSPluginsCore (1.0.6):
    - Amplify (= 1.0.6)
    - AWSCore (~> 2.15.0)
    - AWSMobileClient (~> 2.15.0)
  - SQLite.swift (0.12.2):
    - SQLite.swift/standard (= 0.12.2)
  - SQLite.swift/standard (0.12.2)

DEPENDENCIES:
  - Amplify
  - Amplify/Tools
  - AmplifyPlugins/AWSDataStorePlugin

SPEC REPOS:
  trunk:
    - Amplify
    - AmplifyPlugins
    - AWSAuthCore
    - AWSCognitoIdentityProvider
    - AWSCognitoIdentityProviderASF
    - AWSCore
    - AWSMobileClient
    - AWSPluginsCore
    - SQLite.swift

SPEC CHECKSUMS:
  Amplify: e07bbe2b0bbeeec2b36470a842e59c98d0b7effa
  AmplifyPlugins: 6e3000faae927e45279b0198a531fbb91554efc6
  AWSAuthCore: d98801d505ea332fd1ec28fbaf3377e0ce02100f
  AWSCognitoIdentityProvider: 5172f21b3530adbb1549501cd26e126bb211b85c
  AWSCognitoIdentityProviderASF: f94f1a502e72ef3d0a1de93e10bf7a79c8698118
  AWSCore: 7dec5eefb9b95739adec68dcb3dba2a6770376a6
  AWSMobileClient: 23aa8e4a787553742861ea1e3272420a9aaf4938
  AWSPluginsCore: 530a2a531c8cb7f9de8423689746f67108d2ceaa
  SQLite.swift: d2b4642190917051ce6bd1d49aab565fe794eea3

PODFILE CHECKSUM: 6f39e652f22ea91b3c9719878745581397e24a3c

COCOAPODS: 1.9.3
