// !$*UTF8*$!
{
	archiveVersion = 1;
	classes = {
	};
	objectVersion = 50;
	objects = {

/* Begin PBXBuildFile section */
		B6A66ADE24E106430008CF99 /* AppDelegate.swift in Sources */ = {isa = PBXBuildFile; fileRef = B6A66ADD24E106430008CF99 /* AppDelegate.swift */; };
		B6A66AE024E106430008CF99 /* SceneDelegate.swift in Sources */ = {isa = PBXBuildFile; fileRef = B6A66ADF24E106430008CF99 /* SceneDelegate.swift */; };
		B6A66AE224E106430008CF99 /* ContentView.swift in Sources */ = {isa = PBXBuildFile; fileRef = B6A66AE124E106430008CF99 /* ContentView.swift */; };
		B6A66AE424E106440008CF99 /* Assets.xcassets in Resources */ = {isa = PBXBuildFile; fileRef = B6A66AE324E106440008CF99 /* Assets.xcassets */; };
		B6A66AE724E106440008CF99 /* Preview Assets.xcassets in Resources */ = {isa = PBXBuildFile; fileRef = B6A66AE624E106440008CF99 /* Preview Assets.xcassets */; };
		B6A66AEA24E106440008CF99 /* LaunchScreen.storyboard in Resources */ = {isa = PBXBuildFile; fileRef = B6A66AE824E106440008CF99 /* LaunchScreen.storyboard */; };
		B6A66AF524E106440008CF99 /* AmplifyTodoTests.swift in Sources */ = {isa = PBXBuildFile; fileRef = B6A66AF424E106440008CF99 /* AmplifyTodoTests.swift */; };
		B6A66B0024E106440008CF99 /* AmplifyTodoUITests.swift in Sources */ = {isa = PBXBuildFile; fileRef = B6A66AFF24E106440008CF99 /* AmplifyTodoUITests.swift */; };
/* End PBXBuildFile section */

/* Begin PBXContainerItemProxy section */
		B6A66AF124E106440008CF99 /* PBXContainerItemProxy */ = {
			isa = PBXContainerItemProxy;
			containerPortal = B6A66AD224E106430008CF99 /* Project object */;
			proxyType = 1;
			remoteGlobalIDString = B6A66AD924E106430008CF99;
			remoteInfo = AmplifyTodo;
		};
		B6A66AFC24E106440008CF99 /* PBXContainerItemProxy */ = {
			isa = PBXContainerItemProxy;
			containerPortal = B6A66AD224E106430008CF99 /* Project object */;
			proxyType = 1;
			remoteGlobalIDString = B6A66AD924E106430008CF99;
			remoteInfo = AmplifyTodo;
		};
/* End PBXContainerItemProxy section */

/* Begin PBXFileReference section */
		B6A66ADA24E106430008CF99 /* AmplifyTodo.app */ = {isa = PBXFileReference; explicitFileType = wrapper.application; includeInIndex = 0; path = AmplifyTodo.app; sourceTree = BUILT_PRODUCTS_DIR; };
		B6A66ADD24E106430008CF99 /* AppDelegate.swift */ = {isa = PBXFileReference; lastKnownFileType = sourcecode.swift; path = AppDelegate.swift; sourceTree = "<group>"; };
		B6A66ADF24E106430008CF99 /* SceneDelegate.swift */ = {isa = PBXFileReference; lastKnownFileType = sourcecode.swift; path = SceneDelegate.swift; sourceTree = "<group>"; };
		B6A66AE124E106430008CF99 /* ContentView.swift */ = {isa = PBXFileReference; lastKnownFileType = sourcecode.swift; path = ContentView.swift; sourceTree = "<group>"; };
		B6A66AE324E106440008CF99 /* Assets.xcassets */ = {isa = PBXFileReference; lastKnownFileType = folder.assetcatalog; path = Assets.xcassets; sourceTree = "<group>"; };
		B6A66AE624E106440008CF99 /* Preview Assets.xcassets */ = {isa = PBXFileReference; lastKnownFileType = folder.assetcatalog; path = "Preview Assets.xcassets"; sourceTree = "<group>"; };
		B6A66AE924E106440008CF99 /* Base */ = {isa = PBXFileReference; lastKnownFileType = file.storyboard; name = Base; path = Base.lproj/LaunchScreen.storyboard; sourceTree = "<group>"; };
		B6A66AEB24E106440008CF99 /* Info.plist */ = {isa = PBXFileReference; lastKnownFileType = text.plist.xml; path = Info.plist; sourceTree = "<group>"; };
		B6A66AF024E106440008CF99 /* AmplifyTodoTests.xctest */ = {isa = PBXFileReference; explicitFileType = wrapper.cfbundle; includeInIndex = 0; path = AmplifyTodoTests.xctest; sourceTree = BUILT_PRODUCTS_DIR; };
		B6A66AF424E106440008CF99 /* AmplifyTodoTests.swift */ = {isa = PBXFileReference; lastKnownFileType = sourcecode.swift; path = AmplifyTodoTests.swift; sourceTree = "<group>"; };
		B6A66AF624E106440008CF99 /* Info.plist */ = {isa = PBXFileReference; lastKnownFileType = text.plist.xml; path = Info.plist; sourceTree = "<group>"; };
		B6A66AFB24E106440008CF99 /* AmplifyTodoUITests.xctest */ = {isa = PBXFileReference; explicitFileType = wrapper.cfbundle; includeInIndex = 0; path = AmplifyTodoUITests.xctest; sourceTree = BUILT_PRODUCTS_DIR; };
		B6A66AFF24E106440008CF99 /* AmplifyTodoUITests.swift */ = {isa = PBXFileReference; lastKnownFileType = sourcecode.swift; path = AmplifyTodoUITests.swift; sourceTree = "<group>"; };
		B6A66B0124E106440008CF99 /* Info.plist */ = {isa = PBXFileReference; lastKnownFileType = text.plist.xml; path = Info.plist; sourceTree = "<group>"; };
/* End PBXFileReference section */

/* Begin PBXFrameworksBuildPhase section */
		B6A66AD724E106430008CF99 /* Frameworks */ = {
			isa = PBXFrameworksBuildPhase;
			buildActionMask = 2147483647;
			files = (
			);
			runOnlyForDeploymentPostprocessing = 0;
		};
		B6A66AED24E106440008CF99 /* Frameworks */ = {
			isa = PBXFrameworksBuildPhase;
			buildActionMask = 2147483647;
			files = (
			);
			runOnlyForDeploymentPostprocessing = 0;
		};
		B6A66AF824E106440008CF99 /* Frameworks */ = {
			isa = PBXFrameworksBuildPhase;
			buildActionMask = 2147483647;
			files = (
			);
			runOnlyForDeploymentPostprocessing = 0;
		};
/* End PBXFrameworksBuildPhase section */

/* Begin PBXGroup section */
		B6A66AD124E106430008CF99 = {
			isa = PBXGroup;
			children = (
				B6A66ADC24E106430008CF99 /* AmplifyTodo */,
				B6A66AF324E106440008CF99 /* AmplifyTodoTests */,
				B6A66AFE24E106440008CF99 /* AmplifyTodoUITests */,
				B6A66ADB24E106430008CF99 /* Products */,
			);
			sourceTree = "<group>";
		};
		B6A66ADB24E106430008CF99 /* Products */ = {
			isa = PBXGroup;
			children = (
				B6A66ADA24E106430008CF99 /* AmplifyTodo.app */,
				B6A66AF024E106440008CF99 /* AmplifyTodoTests.xctest */,
				B6A66AFB24E106440008CF99 /* AmplifyTodoUITests.xctest */,
			);
			name = Products;
			sourceTree = "<group>";
		};
		B6A66ADC24E106430008CF99 /* AmplifyTodo */ = {
			isa = PBXGroup;
			children = (
				B6A66ADD24E106430008CF99 /* AppDelegate.swift */,
				B6A66ADF24E106430008CF99 /* SceneDelegate.swift */,
				B6A66AE124E106430008CF99 /* ContentView.swift */,
				B6A66AE324E106440008CF99 /* Assets.xcassets */,
				B6A66AE824E106440008CF99 /* LaunchScreen.storyboard */,
				B6A66AEB24E106440008CF99 /* Info.plist */,
				B6A66AE524E106440008CF99 /* Preview Content */,
			);
			path = AmplifyTodo;
			sourceTree = "<group>";
		};
		B6A66AE524E106440008CF99 /* Preview Content */ = {
			isa = PBXGroup;
			children = (
				B6A66AE624E106440008CF99 /* Preview Assets.xcassets */,
			);
			path = "Preview Content";
			sourceTree = "<group>";
		};
		B6A66AF324E106440008CF99 /* AmplifyTodoTests */ = {
			isa = PBXGroup;
			children = (
				B6A66AF424E106440008CF99 /* AmplifyTodoTests.swift */,
				B6A66AF624E106440008CF99 /* Info.plist */,
			);
			path = AmplifyTodoTests;
			sourceTree = "<group>";
		};
		B6A66AFE24E106440008CF99 /* AmplifyTodoUITests */ = {
			isa = PBXGroup;
			children = (
				B6A66AFF24E106440008CF99 /* AmplifyTodoUITests.swift */,
				B6A66B0124E106440008CF99 /* Info.plist */,
			);
			path = AmplifyTodoUITests;
			sourceTree = "<group>";
		};
/* End PBXGroup section */

/* Begin PBXNativeTarget section */
		B6A66AD924E106430008CF99 /* AmplifyTodo */ = {
			isa = PBXNativeTarget;
			buildConfigurationList = B6A66B0424E106440008CF99 /* Build configuration list for PBXNativeTarget "AmplifyTodo" */;
			buildPhases = (
				B6A66AD624E106430008CF99 /* Sources */,
				B6A66AD724E106430008CF99 /* Frameworks */,
				B6A66AD824E106430008CF99 /* Resources */,
			);
			buildRules = (
			);
			dependencies = (
			);
			name = AmplifyTodo;
			productName = AmplifyTodo;
			productReference = B6A66ADA24E106430008CF99 /* AmplifyTodo.app */;
			productType = "com.apple.product-type.application";
		};
		B6A66AEF24E106440008CF99 /* AmplifyTodoTests */ = {
			isa = PBXNativeTarget;
			buildConfigurationList = B6A66B0724E106440008CF99 /* Build configuration list for PBXNativeTarget "AmplifyTodoTests" */;
			buildPhases = (
				B6A66AEC24E106440008CF99 /* Sources */,
				B6A66AED24E106440008CF99 /* Frameworks */,
				B6A66AEE24E106440008CF99 /* Resources */,
			);
			buildRules = (
			);
			dependencies = (
				B6A66AF224E106440008CF99 /* PBXTargetDependency */,
			);
			name = AmplifyTodoTests;
			productName = AmplifyTodoTests;
			productReference = B6A66AF024E106440008CF99 /* AmplifyTodoTests.xctest */;
			productType = "com.apple.product-type.bundle.unit-test";
		};
		B6A66AFA24E106440008CF99 /* AmplifyTodoUITests */ = {
			isa = PBXNativeTarget;
			buildConfigurationList = B6A66B0A24E106440008CF99 /* Build configuration list for PBXNativeTarget "AmplifyTodoUITests" */;
			buildPhases = (
				B6A66AF724E106440008CF99 /* Sources */,
				B6A66AF824E106440008CF99 /* Frameworks */,
				B6A66AF924E106440008CF99 /* Resources */,
			);
			buildRules = (
			);
			dependencies = (
				B6A66AFD24E106440008CF99 /* PBXTargetDependency */,
			);
			name = AmplifyTodoUITests;
			productName = AmplifyTodoUITests;
			productReference = B6A66AFB24E106440008CF99 /* AmplifyTodoUITests.xctest */;
			productType = "com.apple.product-type.bundle.ui-testing";
		};
/* End PBXNativeTarget section */

/* Begin PBXProject section */
		B6A66AD224E106430008CF99 /* Project object */ = {
			isa = PBXProject;
			attributes = {
				LastSwiftUpdateCheck = 1160;
				LastUpgradeCheck = 1160;
				ORGANIZATIONNAME = hiraoka;
				TargetAttributes = {
					B6A66AD924E106430008CF99 = {
						CreatedOnToolsVersion = 11.6;
					};
					B6A66AEF24E106440008CF99 = {
						CreatedOnToolsVersion = 11.6;
						TestTargetID = B6A66AD924E106430008CF99;
					};
					B6A66AFA24E106440008CF99 = {
						CreatedOnToolsVersion = 11.6;
						TestTargetID = B6A66AD924E106430008CF99;
					};
				};
			};
			buildConfigurationList = B6A66AD524E106430008CF99 /* Build configuration list for PBXProject "AmplifyTodo" */;
			compatibilityVersion = "Xcode 9.3";
			developmentRegion = en;
			hasScannedForEncodings = 0;
			knownRegions = (
				en,
				Base,
			);
			mainGroup = B6A66AD124E106430008CF99;
			productRefGroup = B6A66ADB24E106430008CF99 /* Products */;
			projectDirPath = "";
			projectRoot = "";
			targets = (
				B6A66AD924E106430008CF99 /* AmplifyTodo */,
				B6A66AEF24E106440008CF99 /* AmplifyTodoTests */,
				B6A66AFA24E106440008CF99 /* AmplifyTodoUITests */,
			);
		};
/* End PBXProject section */

/* Begin PBXResourcesBuildPhase section */
		B6A66AD824E106430008CF99 /* Resources */ = {
			isa = PBXResourcesBuildPhase;
			buildActionMask = 2147483647;
			files = (
				B6A66AEA24E106440008CF99 /* LaunchScreen.storyboard in Resources */,
				B6A66AE724E106440008CF99 /* Preview Assets.xcassets in Resources */,
				B6A66AE424E106440008CF99 /* Assets.xcassets in Resources */,
			);
			runOnlyForDeploymentPostprocessing = 0;
		};
		B6A66AEE24E106440008CF99 /* Resources */ = {
			isa = PBXResourcesBuildPhase;
			buildActionMask = 2147483647;
			files = (
			);
			runOnlyForDeploymentPostprocessing = 0;
		};
		B6A66AF924E106440008CF99 /* Resources */ = {
			isa = PBXResourcesBuildPhase;
			buildActionMask = 2147483647;
			files = (
			);
			runOnlyForDeploymentPostprocessing = 0;
		};
/* End PBXResourcesBuildPhase section */

/* Begin PBXSourcesBuildPhase section */
		B6A66AD624E106430008CF99 /* Sources */ = {
			isa = PBXSourcesBuildPhase;
			buildActionMask = 2147483647;
			files = (
				B6A66ADE24E106430008CF99 /* AppDelegate.swift in Sources */,
				B6A66AE024E106430008CF99 /* SceneDelegate.swift in Sources */,
				B6A66AE224E106430008CF99 /* ContentView.swift in Sources */,
			);
			runOnlyForDeploymentPostprocessing = 0;
		};
		B6A66AEC24E106440008CF99 /* Sources */ = {
			isa = PBXSourcesBuildPhase;
			buildActionMask = 2147483647;
			files = (
				B6A66AF524E106440008CF99 /* AmplifyTodoTests.swift in Sources */,
			);
			runOnlyForDeploymentPostprocessing = 0;
		};
		B6A66AF724E106440008CF99 /* Sources */ = {
			isa = PBXSourcesBuildPhase;
			buildActionMask = 2147483647;
			files = (
				B6A66B0024E106440008CF99 /* AmplifyTodoUITests.swift in Sources */,
			);
			runOnlyForDeploymentPostprocessing = 0;
		};
/* End PBXSourcesBuildPhase section */

/* Begin PBXTargetDependency section */
		B6A66AF224E106440008CF99 /* PBXTargetDependency */ = {
			isa = PBXTargetDependency;
			target = B6A66AD924E106430008CF99 /* AmplifyTodo */;
			targetProxy = B6A66AF124E106440008CF99 /* PBXContainerItemProxy */;
		};
		B6A66AFD24E106440008CF99 /* PBXTargetDependency */ = {
			isa = PBXTargetDependency;
			target = B6A66AD924E106430008CF99 /* AmplifyTodo */;
			targetProxy = B6A66AFC24E106440008CF99 /* PBXContainerItemProxy */;
		};
/* End PBXTargetDependency section */

/* Begin PBXVariantGroup section */
		B6A66AE824E106440008CF99 /* LaunchScreen.storyboard */ = {
			isa = PBXVariantGroup;
			children = (
				B6A66AE924E106440008CF99 /* Base */,
			);
			name = LaunchScreen.storyboard;
			sourceTree = "<group>";
		};
/* End PBXVariantGroup section */

/* Begin XCBuildConfiguration section */
		B6A66B0224E106440008CF99 /* Debug */ = {
			isa = XCBuildConfiguration;
			buildSettings = {
				ALWAYS_SEARCH_USER_PATHS = NO;
				CLANG_ANALYZER_NONNULL = YES;
				CLANG_ANALYZER_NUMBER_OBJECT_CONVERSION = YES_AGGRESSIVE;
				CLANG_CXX_LANGUAGE_STANDARD = "gnu++14";
				CLANG_CXX_LIBRARY = "libc++";
				CLANG_ENABLE_MODULES = YES;
				CLANG_ENABLE_OBJC_ARC = YES;
				CLANG_ENABLE_OBJC_WEAK = YES;
				CLANG_WARN_BLOCK_CAPTURE_AUTORELEASING = YES;
				CLANG_WARN_BOOL_CONVERSION = YES;
				CLANG_WARN_COMMA = YES;
				CLANG_WARN_CONSTANT_CONVERSION = YES;
				CLANG_WARN_DEPRECATED_OBJC_IMPLEMENTATIONS = YES;
				CLANG_WARN_DIRECT_OBJC_ISA_USAGE = YES_ERROR;
				CLANG_WARN_DOCUMENTATION_COMMENTS = YES;
				CLANG_WARN_EMPTY_BODY = YES;
				CLANG_WARN_ENUM_CONVERSION = YES;
				CLANG_WARN_INFINITE_RECURSION = YES;
				CLANG_WARN_INT_CONVERSION = YES;
				CLANG_WARN_NON_LITERAL_NULL_CONVERSION = YES;
				CLANG_WARN_OBJC_IMPLICIT_RETAIN_SELF = YES;
				CLANG_WARN_OBJC_LITERAL_CONVERSION = YES;
				CLANG_WARN_OBJC_ROOT_CLASS = YES_ERROR;
				CLANG_WARN_RANGE_LOOP_ANALYSIS = YES;
				CLANG_WARN_STRICT_PROTOTYPES = YES;
				CLANG_WARN_SUSPICIOUS_MOVE = YES;
				CLANG_WARN_UNGUARDED_AVAILABILITY = YES_AGGRESSIVE;
				CLANG_WARN_UNREACHABLE_CODE = YES;
				CLANG_WARN__DUPLICATE_METHOD_MATCH = YES;
				COPY_PHASE_STRIP = NO;
				DEBUG_INFORMATION_FORMAT = dwarf;
				ENABLE_STRICT_OBJC_MSGSEND = YES;
				ENABLE_TESTABILITY = YES;
				GCC_C_LANGUAGE_STANDARD = gnu11;
				GCC_DYNAMIC_NO_PIC = NO;
				GCC_NO_COMMON_BLOCKS = YES;
				GCC_OPTIMIZATION_LEVEL = 0;
				GCC_PREPROCESSOR_DEFINITIONS = (
					"DEBUG=1",
					"$(inherited)",
				);
				GCC_WARN_64_TO_32_BIT_CONVERSION = YES;
				GCC_WARN_ABOUT_RETURN_TYPE = YES_ERROR;
				GCC_WARN_UNDECLARED_SELECTOR = YES;
				GCC_WARN_UNINITIALIZED_AUTOS = YES_AGGRESSIVE;
				GCC_WARN_UNUSED_FUNCTION = YES;
				GCC_WARN_UNUSED_VARIABLE = YES;
				IPHONEOS_DEPLOYMENT_TARGET = 13.6;
				MTL_ENABLE_DEBUG_INFO = INCLUDE_SOURCE;
				MTL_FAST_MATH = YES;
				ONLY_ACTIVE_ARCH = YES;
				SDKROOT = iphoneos;
				SWIFT_ACTIVE_COMPILATION_CONDITIONS = DEBUG;
				SWIFT_OPTIMIZATION_LEVEL = "-Onone";
			};
			name = Debug;
		};
		B6A66B0324E106440008CF99 /* Release */ = {
			isa = XCBuildConfiguration;
			buildSettings = {
				ALWAYS_SEARCH_USER_PATHS = NO;
				CLANG_ANALYZER_NONNULL = YES;
				CLANG_ANALYZER_NUMBER_OBJECT_CONVERSION = YES_AGGRESSIVE;
				CLANG_CXX_LANGUAGE_STANDARD = "gnu++14";
				CLANG_CXX_LIBRARY = "libc++";
				CLANG_ENABLE_MODULES = YES;
				CLANG_ENABLE_OBJC_ARC = YES;
				CLANG_ENABLE_OBJC_WEAK = YES;
				CLANG_WARN_BLOCK_CAPTURE_AUTORELEASING = YES;
				CLANG_WARN_BOOL_CONVERSION = YES;
				CLANG_WARN_COMMA = YES;
				CLANG_WARN_CONSTANT_CONVERSION = YES;
				CLANG_WARN_DEPRECATED_OBJC_IMPLEMENTATIONS = YES;
				CLANG_WARN_DIRECT_OBJC_ISA_USAGE = YES_ERROR;
				CLANG_WARN_DOCUMENTATION_COMMENTS = YES;
				CLANG_WARN_EMPTY_BODY = YES;
				CLANG_WARN_ENUM_CONVERSION = YES;
				CLANG_WARN_INFINITE_RECURSION = YES;
				CLANG_WARN_INT_CONVERSION = YES;
				CLANG_WARN_NON_LITERAL_NULL_CONVERSION = YES;
				CLANG_WARN_OBJC_IMPLICIT_RETAIN_SELF = YES;
				CLANG_WARN_OBJC_LITERAL_CONVERSION = YES;
				CLANG_WARN_OBJC_ROOT_CLASS = YES_ERROR;
				CLANG_WARN_RANGE_LOOP_ANALYSIS = YES;
				CLANG_WARN_STRICT_PROTOTYPES = YES;
				CLANG_WARN_SUSPICIOUS_MOVE = YES;
				CLANG_WARN_UNGUARDED_AVAILABILITY = YES_AGGRESSIVE;
				CLANG_WARN_UNREACHABLE_CODE = YES;
				CLANG_WARN__DUPLICATE_METHOD_MATCH = YES;
				COPY_PHASE_STRIP = NO;
				DEBUG_INFORMATION_FORMAT = "dwarf-with-dsym";
				ENABLE_NS_ASSERTIONS = NO;
				ENABLE_STRICT_OBJC_MSGSEND = YES;
				GCC_C_LANGUAGE_STANDARD = gnu11;
				GCC_NO_COMMON_BLOCKS = YES;
				GCC_WARN_64_TO_32_BIT_CONVERSION = YES;
				GCC_WARN_ABOUT_RETURN_TYPE = YES_ERROR;
				GCC_WARN_UNDECLARED_SELECTOR = YES;
				GCC_WARN_UNINITIALIZED_AUTOS = YES_AGGRESSIVE;
				GCC_WARN_UNUSED_FUNCTION = YES;
				GCC_WARN_UNUSED_VARIABLE = YES;
				IPHONEOS_DEPLOYMENT_TARGET = 13.6;
				MTL_ENABLE_DEBUG_INFO = NO;
				MTL_FAST_MATH = YES;
				SDKROOT = iphoneos;
				SWIFT_COMPILATION_MODE = wholemodule;
				SWIFT_OPTIMIZATION_LEVEL = "-O";
				VALIDATE_PRODUCT = YES;
			};
			name = Release;
		};
		B6A66B0524E106440008CF99 /* Debug */ = {
			isa = XCBuildConfiguration;
			buildSettings = {
				ASSETCATALOG_COMPILER_APPICON_NAME = AppIcon;
				CODE_SIGN_STYLE = Automatic;
				DEVELOPMENT_ASSET_PATHS = "\"AmplifyTodo/Preview Content\"";
				DEVELOPMENT_TEAM = 8ER86CP2SB;
				ENABLE_PREVIEWS = YES;
				INFOPLIST_FILE = AmplifyTodo/Info.plist;
				LD_RUNPATH_SEARCH_PATHS = (
					"$(inherited)",
					"@executable_path/Frameworks",
				);
				PRODUCT_BUNDLE_IDENTIFIER = com.moca.hira22.sample.AmplifyTodo;
				PRODUCT_NAME = "$(TARGET_NAME)";
				SWIFT_VERSION = 5.0;
				TARGETED_DEVICE_FAMILY = "1,2";
			};
			name = Debug;
		};
		B6A66B0624E106440008CF99 /* Release */ = {
			isa = XCBuildConfiguration;
			buildSettings = {
				ASSETCATALOG_COMPILER_APPICON_NAME = AppIcon;
				CODE_SIGN_STYLE = Automatic;
				DEVELOPMENT_ASSET_PATHS = "\"AmplifyTodo/Preview Content\"";
				DEVELOPMENT_TEAM = 8ER86CP2SB;
				ENABLE_PREVIEWS = YES;
				INFOPLIST_FILE = AmplifyTodo/Info.plist;
				LD_RUNPATH_SEARCH_PATHS = (
					"$(inherited)",
					"@executable_path/Frameworks",
				);
				PRODUCT_BUNDLE_IDENTIFIER = com.moca.hira22.sample.AmplifyTodo;
				PRODUCT_NAME = "$(TARGET_NAME)";
				SWIFT_VERSION = 5.0;
				TARGETED_DEVICE_FAMILY = "1,2";
			};
			name = Release;
		};
		B6A66B0824E106440008CF99 /* Debug */ = {
			isa = XCBuildConfiguration;
			buildSettings = {
				ALWAYS_EMBED_SWIFT_STANDARD_LIBRARIES = YES;
				BUNDLE_LOADER = "$(TEST_HOST)";
				CODE_SIGN_STYLE = Automatic;
				DEVELOPMENT_TEAM = 8ER86CP2SB;
				INFOPLIST_FILE = AmplifyTodoTests/Info.plist;
				IPHONEOS_DEPLOYMENT_TARGET = 13.6;
				LD_RUNPATH_SEARCH_PATHS = (
					"$(inherited)",
					"@executable_path/Frameworks",
					"@loader_path/Frameworks",
				);
				PRODUCT_BUNDLE_IDENTIFIER = com.moca.hira22.sample.AmplifyTodoTests;
				PRODUCT_NAME = "$(TARGET_NAME)";
				SWIFT_VERSION = 5.0;
				TARGETED_DEVICE_FAMILY = "1,2";
				TEST_HOST = "$(BUILT_PRODUCTS_DIR)/AmplifyTodo.app/AmplifyTodo";
			};
			name = Debug;
		};
		B6A66B0924E106440008CF99 /* Release */ = {
			isa = XCBuildConfiguration;
			buildSettings = {
				ALWAYS_EMBED_SWIFT_STANDARD_LIBRARIES = YES;
				BUNDLE_LOADER = "$(TEST_HOST)";
				CODE_SIGN_STYLE = Automatic;
				DEVELOPMENT_TEAM = 8ER86CP2SB;
				INFOPLIST_FILE = AmplifyTodoTests/Info.plist;
				IPHONEOS_DEPLOYMENT_TARGET = 13.6;
				LD_RUNPATH_SEARCH_PATHS = (
					"$(inherited)",
					"@executable_path/Frameworks",
					"@loader_path/Frameworks",
				);
				PRODUCT_BUNDLE_IDENTIFIER = com.moca.hira22.sample.AmplifyTodoTests;
				PRODUCT_NAME = "$(TARGET_NAME)";
				SWIFT_VERSION = 5.0;
				TARGETED_DEVICE_FAMILY = "1,2";
				TEST_HOST = "$(BUILT_PRODUCTS_DIR)/AmplifyTodo.app/AmplifyTodo";
			};
			name = Release;
		};
		B6A66B0B24E106440008CF99 /* Debug */ = {
			isa = XCBuildConfiguration;
			buildSettings = {
				ALWAYS_EMBED_SWIFT_STANDARD_LIBRARIES = YES;
				CODE_SIGN_STYLE = Automatic;
				DEVELOPMENT_TEAM = 8ER86CP2SB;
				INFOPLIST_FILE = AmplifyTodoUITests/Info.plist;
				LD_RUNPATH_SEARCH_PATHS = (
					"$(inherited)",
					"@executable_path/Frameworks",
					"@loader_path/Frameworks",
				);
				PRODUCT_BUNDLE_IDENTIFIER = com.moca.hira22.sample.AmplifyTodoUITests;
				PRODUCT_NAME = "$(TARGET_NAME)";
				SWIFT_VERSION = 5.0;
				TARGETED_DEVICE_FAMILY = "1,2";
				TEST_TARGET_NAME = AmplifyTodo;
			};
			name = Debug;
		};
		B6A66B0C24E106440008CF99 /* Release */ = {
			isa = XCBuildConfiguration;
			buildSettings = {
				ALWAYS_EMBED_SWIFT_STANDARD_LIBRARIES = YES;
				CODE_SIGN_STYLE = Automatic;
				DEVELOPMENT_TEAM = 8ER86CP2SB;
				INFOPLIST_FILE = AmplifyTodoUITests/Info.plist;
				LD_RUNPATH_SEARCH_PATHS = (
					"$(inherited)",
					"@executable_path/Frameworks",
					"@loader_path/Frameworks",
				);
				PRODUCT_BUNDLE_IDENTIFIER = com.moca.hira22.sample.AmplifyTodoUITests;
				PRODUCT_NAME = "$(TARGET_NAME)";
				SWIFT_VERSION = 5.0;
				TARGETED_DEVICE_FAMILY = "1,2";
				TEST_TARGET_NAME = AmplifyTodo;
			};
			name = Release;
		};
/* End XCBuildConfiguration section */

/* Begin XCConfigurationList section */
		B6A66AD524E106430008CF99 /* Build configuration list for PBXProject "AmplifyTodo" */ = {
			isa = XCConfigurationList;
			buildConfigurations = (
				B6A66B0224E106440008CF99 /* Debug */,
				B6A66B0324E106440008CF99 /* Release */,
			);
			defaultConfigurationIsVisible = 0;
			defaultConfigurationName = Release;
		};
		B6A66B0424E106440008CF99 /* Build configuration list for PBXNativeTarget "AmplifyTodo" */ = {
			isa = XCConfigurationList;
			buildConfigurations = (
				B6A66B0524E106440008CF99 /* Debug */,
				B6A66B0624E106440008CF99 /* Release */,
			);
			defaultConfigurationIsVisible = 0;
			defaultConfigurationName = Release;
		};
		B6A66B0724E106440008CF99 /* Build configuration list for PBXNativeTarget "AmplifyTodoTests" */ = {
			isa = XCConfigurationList;
			buildConfigurations = (
				B6A66B0824E106440008CF99 /* Debug */,
				B6A66B0924E106440008CF99 /* Release */,
			);
			defaultConfigurationIsVisible = 0;
			defaultConfigurationName = Release;
		};
		B6A66B0A24E106440008CF99 /* Build configuration list for PBXNativeTarget "AmplifyTodoUITests" */ = {
			isa = XCConfigurationList;
			buildConfigurations = (
				B6A66B0B24E106440008CF99 /* Debug */,
				B6A66B0C24E106440008CF99 /* Release */,
			);
			defaultConfigurationIsVisible = 0;
			defaultConfigurationName = Release;
		};
/* End XCConfigurationList section */
	};
	rootObject = B6A66AD224E106430008CF99 /* Project object */;
}
