// !$*UTF8*$!
{
	archiveVersion = 1;
	classes = {
	};
	objectVersion = 51;
	objects = {

/* Begin PBXBuildFile section */
		83A20D9C86AC325283E00CFE /* Pods_AmplifyTodo__iOS_.framework in Frameworks */ = {isa = PBXBuildFile; fileRef = 4C61756B73A15DAD204922B3 /* Pods_AmplifyTodo__iOS_.framework */; };
		AFB2B9C02E15DBF96C177AB9 /* Pods_AmplifyTodo__macOS_.framework in Frameworks */ = {isa = PBXBuildFile; fileRef = 5593CACC07C086119D38CD5A /* Pods_AmplifyTodo__macOS_.framework */; };
		B6FCB50924E17269008ED5AD /* Tests_iOS.swift in Sources */ = {isa = PBXBuildFile; fileRef = B6FCB50824E17269008ED5AD /* Tests_iOS.swift */; };
		B6FCB51424E17269008ED5AD /* Tests_macOS.swift in Sources */ = {isa = PBXBuildFile; fileRef = B6FCB51324E17269008ED5AD /* Tests_macOS.swift */; };
		B6FCB51624E17269008ED5AD /* AmplifyTodoApp.swift in Sources */ = {isa = PBXBuildFile; fileRef = B6FCB4EE24E17269008ED5AD /* AmplifyTodoApp.swift */; };
		B6FCB51724E17269008ED5AD /* AmplifyTodoApp.swift in Sources */ = {isa = PBXBuildFile; fileRef = B6FCB4EE24E17269008ED5AD /* AmplifyTodoApp.swift */; };
		B6FCB51A24E17269008ED5AD /* Assets.xcassets in Resources */ = {isa = PBXBuildFile; fileRef = B6FCB4F024E17269008ED5AD /* Assets.xcassets */; };
		B6FCB51B24E17269008ED5AD /* Assets.xcassets in Resources */ = {isa = PBXBuildFile; fileRef = B6FCB4F024E17269008ED5AD /* Assets.xcassets */; };
		B6FCB52824E1784B008ED5AD /* TodoListView.swift in Sources */ = {isa = PBXBuildFile; fileRef = B6A66AE124E106430008CF99 /* TodoListView.swift */; };
		B6FCB52924E1784B008ED5AD /* NewTodoView.swift in Sources */ = {isa = PBXBuildFile; fileRef = B6A66B0F24E116390008CF99 /* NewTodoView.swift */; };
		B6FCB52A24E1788B008ED5AD /* TodoListView.swift in Sources */ = {isa = PBXBuildFile; fileRef = B6A66AE124E106430008CF99 /* TodoListView.swift */; };
		B6FCB52B24E1788B008ED5AD /* NewTodoView.swift in Sources */ = {isa = PBXBuildFile; fileRef = B6A66B0F24E116390008CF99 /* NewTodoView.swift */; };
		1A927B4F0CB4405487B169DB /* amplifyconfiguration.json in Resources */ = {isa = PBXBuildFile; fileRef = 69EC89FE232D40A3989FAEFE /* amplifyconfiguration.json */; };
		C51D33B4D7C94E61B4EF8764 /* awsconfiguration.json in Resources */ = {isa = PBXBuildFile; fileRef = DA690C79ABF346C282CE8E2A /* awsconfiguration.json */; };
/* End PBXBuildFile section */

/* Begin PBXContainerItemProxy section */
		B6FCB50524E17269008ED5AD /* PBXContainerItemProxy */ = {
			isa = PBXContainerItemProxy;
			containerPortal = B6A66AD224E106430008CF99 /* Project object */;
			proxyType = 1;
			remoteGlobalIDString = B6FCB4F424E17269008ED5AD;
			remoteInfo = "AmplifyTodo (iOS)";
		};
		B6FCB51024E17269008ED5AD /* PBXContainerItemProxy */ = {
			isa = PBXContainerItemProxy;
			containerPortal = B6A66AD224E106430008CF99 /* Project object */;
			proxyType = 1;
			remoteGlobalIDString = B6FCB4FB24E17269008ED5AD;
			remoteInfo = "AmplifyTodo (macOS)";
		};
/* End PBXContainerItemProxy section */

/* Begin PBXFileReference section */
		2F25892FBEC8DAA71FF6AF7A /* Pods_AmplifyTodo.framework */ = {isa = PBXFileReference; explicitFileType = wrapper.framework; includeInIndex = 0; path = Pods_AmplifyTodo.framework; sourceTree = BUILT_PRODUCTS_DIR; };
		37A80722910BC89B3CE8375D /* Pods-AmplifyTodo (iOS).debug.xcconfig */ = {isa = PBXFileReference; includeInIndex = 1; lastKnownFileType = text.xcconfig; name = "Pods-AmplifyTodo (iOS).debug.xcconfig"; path = "Target Support Files/Pods-AmplifyTodo (iOS)/Pods-AmplifyTodo (iOS).debug.xcconfig"; sourceTree = "<group>"; };
		4873A3B5448DAFEC5B717C68 /* Pods-AmplifyTodo (macOS).debug.xcconfig */ = {isa = PBXFileReference; includeInIndex = 1; lastKnownFileType = text.xcconfig; name = "Pods-AmplifyTodo (macOS).debug.xcconfig"; path = "Target Support Files/Pods-AmplifyTodo (macOS)/Pods-AmplifyTodo (macOS).debug.xcconfig"; sourceTree = "<group>"; };
		4C61756B73A15DAD204922B3 /* Pods_AmplifyTodo__iOS_.framework */ = {isa = PBXFileReference; explicitFileType = wrapper.framework; includeInIndex = 0; path = Pods_AmplifyTodo__iOS_.framework; sourceTree = BUILT_PRODUCTS_DIR; };
		5593CACC07C086119D38CD5A /* Pods_AmplifyTodo__macOS_.framework */ = {isa = PBXFileReference; explicitFileType = wrapper.framework; includeInIndex = 0; path = Pods_AmplifyTodo__macOS_.framework; sourceTree = BUILT_PRODUCTS_DIR; };
		62211BC8C4B13C3F57D8213B /* Pods_AmplifyTodo_AmplifyTodoUITests.framework */ = {isa = PBXFileReference; explicitFileType = wrapper.framework; includeInIndex = 0; path = Pods_AmplifyTodo_AmplifyTodoUITests.framework; sourceTree = BUILT_PRODUCTS_DIR; };
		80B3D1C1DE0AA7BA6AD94960 /* Pods-AmplifyTodo (iOS).release.xcconfig */ = {isa = PBXFileReference; includeInIndex = 1; lastKnownFileType = text.xcconfig; name = "Pods-AmplifyTodo (iOS).release.xcconfig"; path = "Target Support Files/Pods-AmplifyTodo (iOS)/Pods-AmplifyTodo (iOS).release.xcconfig"; sourceTree = "<group>"; };
		B6A66AE124E106430008CF99 /* TodoListView.swift */ = {isa = PBXFileReference; lastKnownFileType = sourcecode.swift; path = TodoListView.swift; sourceTree = "<group>"; };
		B6A66B0F24E116390008CF99 /* NewTodoView.swift */ = {isa = PBXFileReference; lastKnownFileType = sourcecode.swift; path = NewTodoView.swift; sourceTree = "<group>"; };
		B6FCB4EE24E17269008ED5AD /* AmplifyTodoApp.swift */ = {isa = PBXFileReference; lastKnownFileType = sourcecode.swift; path = AmplifyTodoApp.swift; sourceTree = "<group>"; };
		B6FCB4F024E17269008ED5AD /* Assets.xcassets */ = {isa = PBXFileReference; lastKnownFileType = folder.assetcatalog; path = Assets.xcassets; sourceTree = "<group>"; };
		B6FCB4F524E17269008ED5AD /* AmplifyTodo.app */ = {isa = PBXFileReference; explicitFileType = wrapper.application; includeInIndex = 0; path = AmplifyTodo.app; sourceTree = BUILT_PRODUCTS_DIR; };
		B6FCB4F724E17269008ED5AD /* Info.plist */ = {isa = PBXFileReference; lastKnownFileType = text.plist.xml; path = Info.plist; sourceTree = "<group>"; };
		B6FCB4FC24E17269008ED5AD /* AmplifyTodo.app */ = {isa = PBXFileReference; explicitFileType = wrapper.application; includeInIndex = 0; path = AmplifyTodo.app; sourceTree = BUILT_PRODUCTS_DIR; };
		B6FCB4FE24E17269008ED5AD /* Info.plist */ = {isa = PBXFileReference; lastKnownFileType = text.plist.xml; path = Info.plist; sourceTree = "<group>"; };
		B6FCB4FF24E17269008ED5AD /* macOS.entitlements */ = {isa = PBXFileReference; lastKnownFileType = text.plist.entitlements; path = macOS.entitlements; sourceTree = "<group>"; };
		B6FCB50424E17269008ED5AD /* Tests iOS.xctest */ = {isa = PBXFileReference; explicitFileType = wrapper.cfbundle; includeInIndex = 0; path = "Tests iOS.xctest"; sourceTree = BUILT_PRODUCTS_DIR; };
		B6FCB50824E17269008ED5AD /* Tests_iOS.swift */ = {isa = PBXFileReference; lastKnownFileType = sourcecode.swift; path = Tests_iOS.swift; sourceTree = "<group>"; };
		B6FCB50A24E17269008ED5AD /* Info.plist */ = {isa = PBXFileReference; lastKnownFileType = text.plist.xml; path = Info.plist; sourceTree = "<group>"; };
		B6FCB50F24E17269008ED5AD /* Tests macOS.xctest */ = {isa = PBXFileReference; explicitFileType = wrapper.cfbundle; includeInIndex = 0; path = "Tests macOS.xctest"; sourceTree = BUILT_PRODUCTS_DIR; };
		B6FCB51324E17269008ED5AD /* Tests_macOS.swift */ = {isa = PBXFileReference; lastKnownFileType = sourcecode.swift; path = Tests_macOS.swift; sourceTree = "<group>"; };
		B6FCB51524E17269008ED5AD /* Info.plist */ = {isa = PBXFileReference; lastKnownFileType = text.plist.xml; path = Info.plist; sourceTree = "<group>"; };
		BFF9301033BE8B2DDC1D7763 /* Pods-AmplifyTodo (macOS).release.xcconfig */ = {isa = PBXFileReference; includeInIndex = 1; lastKnownFileType = text.xcconfig; name = "Pods-AmplifyTodo (macOS).release.xcconfig"; path = "Target Support Files/Pods-AmplifyTodo (macOS)/Pods-AmplifyTodo (macOS).release.xcconfig"; sourceTree = "<group>"; };
		F167AE4D349551BB93D5768C /* Pods_AmplifyTodoTests.framework */ = {isa = PBXFileReference; explicitFileType = wrapper.framework; includeInIndex = 0; path = Pods_AmplifyTodoTests.framework; sourceTree = BUILT_PRODUCTS_DIR; };
		35D89A76A5534C33A488D8F3 /* amplifytools.xcconfig */ = {isa = PBXFileReference; name = "amplifytools.xcconfig"; path = "amplifytools.xcconfig"; sourceTree = "<group>"; fileEncoding = 4; lastKnownFileType = text.xcconfig; explicitFileType = undefined; includeInIndex = 0; };
		69EC89FE232D40A3989FAEFE /* amplifyconfiguration.json */ = {isa = PBXFileReference; name = "amplifyconfiguration.json"; path = "amplifyconfiguration.json"; sourceTree = "<group>"; fileEncoding = undefined; lastKnownFileType = unknown; explicitFileType = undefined; includeInIndex = 0; };
		DA690C79ABF346C282CE8E2A /* awsconfiguration.json */ = {isa = PBXFileReference; name = "awsconfiguration.json"; path = "awsconfiguration.json"; sourceTree = "<group>"; fileEncoding = undefined; lastKnownFileType = unknown; explicitFileType = undefined; includeInIndex = 0; };
		8CD2B99FBF2E4926AA8F4900 /* schema.graphql */ = {isa = PBXFileReference; name = "schema.graphql"; path = "amplify/backend/api/amplifyDatasource/schema.graphql"; sourceTree = "<group>"; fileEncoding = 4; lastKnownFileType = text; explicitFileType = undefined; includeInIndex = 0; };
/* End PBXFileReference section */

/* Begin PBXFrameworksBuildPhase section */
		B6FCB4F224E17269008ED5AD /* Frameworks */ = {
			isa = PBXFrameworksBuildPhase;
			buildActionMask = 2147483647;
			files = (
				83A20D9C86AC325283E00CFE /* Pods_AmplifyTodo__iOS_.framework in Frameworks */,
			);
			runOnlyForDeploymentPostprocessing = 0;
		};
		B6FCB4F924E17269008ED5AD /* Frameworks */ = {
			isa = PBXFrameworksBuildPhase;
			buildActionMask = 2147483647;
			files = (
				AFB2B9C02E15DBF96C177AB9 /* Pods_AmplifyTodo__macOS_.framework in Frameworks */,
			);
			runOnlyForDeploymentPostprocessing = 0;
		};
		B6FCB50124E17269008ED5AD /* Frameworks */ = {
			isa = PBXFrameworksBuildPhase;
			buildActionMask = 2147483647;
			files = (
			);
			runOnlyForDeploymentPostprocessing = 0;
		};
		B6FCB50C24E17269008ED5AD /* Frameworks */ = {
			isa = PBXFrameworksBuildPhase;
			buildActionMask = 2147483647;
			files = (
			);
			runOnlyForDeploymentPostprocessing = 0;
		};
/* End PBXFrameworksBuildPhase section */

/* Begin PBXGroup section */
		17FBFC89D11631AA48EC6CA7 /* Pods */ = {
			isa = PBXGroup;
			children = (
				37A80722910BC89B3CE8375D /* Pods-AmplifyTodo (iOS).debug.xcconfig */,
				80B3D1C1DE0AA7BA6AD94960 /* Pods-AmplifyTodo (iOS).release.xcconfig */,
				4873A3B5448DAFEC5B717C68 /* Pods-AmplifyTodo (macOS).debug.xcconfig */,
				BFF9301033BE8B2DDC1D7763 /* Pods-AmplifyTodo (macOS).release.xcconfig */,
			);
			path = Pods;
			sourceTree = "<group>";
		};
		B6A66AD124E106430008CF99 = {
			isa = PBXGroup;
			children = (
				6EB5960B217B4EEC86D20E70 /* AmplifyConfig */,
				B6FCB4ED24E17269008ED5AD /* Shared */,
				B6FCB4F624E17269008ED5AD /* iOS */,
				B6FCB4FD24E17269008ED5AD /* macOS */,
				B6FCB50724E17269008ED5AD /* Tests iOS */,
				B6FCB51224E17269008ED5AD /* Tests macOS */,
				B6A66ADB24E106430008CF99 /* Products */,
				17FBFC89D11631AA48EC6CA7 /* Pods */,
				E1CB79437D7EEEFAB277FA6C /* Frameworks */,
			);
			sourceTree = "<group>";
		};
		B6A66ADB24E106430008CF99 /* Products */ = {
			isa = PBXGroup;
			children = (
				B6FCB4F524E17269008ED5AD /* AmplifyTodo.app */,
				B6FCB4FC24E17269008ED5AD /* AmplifyTodo.app */,
				B6FCB50424E17269008ED5AD /* Tests iOS.xctest */,
				B6FCB50F24E17269008ED5AD /* Tests macOS.xctest */,
			);
			name = Products;
			sourceTree = "<group>";
		};
		B6A66B0D24E1161A0008CF99 /* View */ = {
			isa = PBXGroup;
			children = (
				B6A66AE124E106430008CF99 /* TodoListView.swift */,
				B6A66B0F24E116390008CF99 /* NewTodoView.swift */,
			);
			path = View;
			sourceTree = "<group>";
		};
		B6FCB4ED24E17269008ED5AD /* Shared */ = {
			isa = PBXGroup;
			children = (
				B6A66B0D24E1161A0008CF99 /* View */,
				B6FCB4EE24E17269008ED5AD /* AmplifyTodoApp.swift */,
				B6FCB4F024E17269008ED5AD /* Assets.xcassets */,
			);
			path = Shared;
			sourceTree = "<group>";
		};
		B6FCB4F624E17269008ED5AD /* iOS */ = {
			isa = PBXGroup;
			children = (
				B6FCB4F724E17269008ED5AD /* Info.plist */,
			);
			path = iOS;
			sourceTree = "<group>";
		};
		B6FCB4FD24E17269008ED5AD /* macOS */ = {
			isa = PBXGroup;
			children = (
				B6FCB4FE24E17269008ED5AD /* Info.plist */,
				B6FCB4FF24E17269008ED5AD /* macOS.entitlements */,
			);
			path = macOS;
			sourceTree = "<group>";
		};
		B6FCB50724E17269008ED5AD /* Tests iOS */ = {
			isa = PBXGroup;
			children = (
				B6FCB50824E17269008ED5AD /* Tests_iOS.swift */,
				B6FCB50A24E17269008ED5AD /* Info.plist */,
			);
			path = "Tests iOS";
			sourceTree = "<group>";
		};
		B6FCB51224E17269008ED5AD /* Tests macOS */ = {
			isa = PBXGroup;
			children = (
				B6FCB51324E17269008ED5AD /* Tests_macOS.swift */,
				B6FCB51524E17269008ED5AD /* Info.plist */,
			);
			path = "Tests macOS";
			sourceTree = "<group>";
		};
		E1CB79437D7EEEFAB277FA6C /* Frameworks */ = {
			isa = PBXGroup;
			children = (
				2F25892FBEC8DAA71FF6AF7A /* Pods_AmplifyTodo.framework */,
				62211BC8C4B13C3F57D8213B /* Pods_AmplifyTodo_AmplifyTodoUITests.framework */,
				F167AE4D349551BB93D5768C /* Pods_AmplifyTodoTests.framework */,
				4C61756B73A15DAD204922B3 /* Pods_AmplifyTodo__iOS_.framework */,
				5593CACC07C086119D38CD5A /* Pods_AmplifyTodo__macOS_.framework */,
			);
			name = Frameworks;
			sourceTree = "<group>";
		};
		6EB5960B217B4EEC86D20E70 /* AmplifyConfig */ = {
			isa = PBXGroup;
			children = (
				35D89A76A5534C33A488D8F3 /* amplifytools.xcconfig */,
				69EC89FE232D40A3989FAEFE /* amplifyconfiguration.json */,
				DA690C79ABF346C282CE8E2A /* awsconfiguration.json */,
				8CD2B99FBF2E4926AA8F4900 /* schema.graphql */,
			);
			name = AmplifyConfig;
			path = .;
			sourceTree = "<group>";
		};
		FBE5FEA5B0B448EA920E7C1F /* Resources */ = {
			isa = PBXGroup;
			children = (
			);
			name = Resources;
			path = undefined;
			sourceTree = "<group>";
		};
/* End PBXGroup section */

/* Begin PBXNativeTarget section */
		B6FCB4F424E17269008ED5AD /* AmplifyTodo (iOS) */ = {
			isa = PBXNativeTarget;
			buildConfigurationList = B6FCB51C24E17269008ED5AD /* Build configuration list for PBXNativeTarget "AmplifyTodo (iOS)" */;
			buildPhases = (
				8EDB8819627154B380FC0145 /* [CP] Check Pods Manifest.lock */,
				B6FCB52C24E179C5008ED5AD /* Run Amplify Script */,
				B6FCB4F124E17269008ED5AD /* Sources */,
				B6FCB4F224E17269008ED5AD /* Frameworks */,
				B6FCB4F324E17269008ED5AD /* Resources */,
				98BFBF6F85BBFFBC2B0ACEEB /* [CP] Embed Pods Frameworks */,
			);
			buildRules = (
			);
			dependencies = (
			);
			name = "AmplifyTodo (iOS)";
			productName = "AmplifyTodo (iOS)";
			productReference = B6FCB4F524E17269008ED5AD /* AmplifyTodo.app */;
			productType = "com.apple.product-type.application";
		};
		B6FCB4FB24E17269008ED5AD /* AmplifyTodo (macOS) */ = {
			isa = PBXNativeTarget;
			buildConfigurationList = B6FCB51F24E17269008ED5AD /* Build configuration list for PBXNativeTarget "AmplifyTodo (macOS)" */;
			buildPhases = (
				86C032B678E172C18CB1A039 /* [CP] Check Pods Manifest.lock */,
				B6FCB4F824E17269008ED5AD /* Sources */,
				B6FCB4F924E17269008ED5AD /* Frameworks */,
				B6FCB4FA24E17269008ED5AD /* Resources */,
			);
			buildRules = (
			);
			dependencies = (
			);
			name = "AmplifyTodo (macOS)";
			productName = "AmplifyTodo (macOS)";
			productReference = B6FCB4FC24E17269008ED5AD /* AmplifyTodo.app */;
			productType = "com.apple.product-type.application";
		};
		B6FCB50324E17269008ED5AD /* Tests iOS */ = {
			isa = PBXNativeTarget;
			buildConfigurationList = B6FCB52224E17269008ED5AD /* Build configuration list for PBXNativeTarget "Tests iOS" */;
			buildPhases = (
				B6FCB50024E17269008ED5AD /* Sources */,
				B6FCB50124E17269008ED5AD /* Frameworks */,
				B6FCB50224E17269008ED5AD /* Resources */,
			);
			buildRules = (
			);
			dependencies = (
				B6FCB50624E17269008ED5AD /* PBXTargetDependency */,
			);
			name = "Tests iOS";
			productName = "Tests iOS";
			productReference = B6FCB50424E17269008ED5AD /* Tests iOS.xctest */;
			productType = "com.apple.product-type.bundle.ui-testing";
		};
		B6FCB50E24E17269008ED5AD /* Tests macOS */ = {
			isa = PBXNativeTarget;
			buildConfigurationList = B6FCB52524E17269008ED5AD /* Build configuration list for PBXNativeTarget "Tests macOS" */;
			buildPhases = (
				B6FCB50B24E17269008ED5AD /* Sources */,
				B6FCB50C24E17269008ED5AD /* Frameworks */,
				B6FCB50D24E17269008ED5AD /* Resources */,
			);
			buildRules = (
			);
			dependencies = (
				B6FCB51124E17269008ED5AD /* PBXTargetDependency */,
			);
			name = "Tests macOS";
			productName = "Tests macOS";
			productReference = B6FCB50F24E17269008ED5AD /* Tests macOS.xctest */;
			productType = "com.apple.product-type.bundle.ui-testing";
		};
/* End PBXNativeTarget section */

/* Begin PBXProject section */
		B6A66AD224E106430008CF99 /* Project object */ = {
			isa = PBXProject;
			attributes = {
				LastSwiftUpdateCheck = 1200;
				LastUpgradeCheck = 1160;
				ORGANIZATIONNAME = hiraoka;
				TargetAttributes = {
					B6FCB4F424E17269008ED5AD = {
						CreatedOnToolsVersion = 12.0;
					};
					B6FCB4FB24E17269008ED5AD = {
						CreatedOnToolsVersion = 12.0;
					};
					B6FCB50324E17269008ED5AD = {
						CreatedOnToolsVersion = 12.0;
						TestTargetID = B6FCB4F424E17269008ED5AD;
					};
					B6FCB50E24E17269008ED5AD = {
						CreatedOnToolsVersion = 12.0;
						TestTargetID = B6FCB4FB24E17269008ED5AD;
					};
				};
			};
			buildConfigurationList = B6A66AD524E106430008CF99 /* Build configuration list for PBXProject "AmplifyTodo" */;
			compatibilityVersion = "Xcode 9.3";
			developmentRegion = en;
			hasScannedForEncodings = 0;
			knownRegions = (
				en,
				Base,
			);
			mainGroup = B6A66AD124E106430008CF99;
			productRefGroup = B6A66ADB24E106430008CF99 /* Products */;
			projectDirPath = "";
			projectRoot = "";
			targets = (
				B6FCB4F424E17269008ED5AD /* AmplifyTodo (iOS) */,
				B6FCB4FB24E17269008ED5AD /* AmplifyTodo (macOS) */,
				B6FCB50324E17269008ED5AD /* Tests iOS */,
				B6FCB50E24E17269008ED5AD /* Tests macOS */,
			);
		};
/* End PBXProject section */

/* Begin PBXResourcesBuildPhase section */
		B6FCB4F324E17269008ED5AD /* Resources */ = {
			isa = PBXResourcesBuildPhase;
			buildActionMask = 2147483647;
			files = (
				B6FCB51A24E17269008ED5AD /* Assets.xcassets in Resources */,
				1A927B4F0CB4405487B169DB /* amplifyconfiguration.json in Resources */,
				C51D33B4D7C94E61B4EF8764 /* awsconfiguration.json in Resources */,
			);
			runOnlyForDeploymentPostprocessing = 0;
		};
		B6FCB4FA24E17269008ED5AD /* Resources */ = {
			isa = PBXResourcesBuildPhase;
			buildActionMask = 2147483647;
			files = (
				B6FCB51B24E17269008ED5AD /* Assets.xcassets in Resources */,
			);
			runOnlyForDeploymentPostprocessing = 0;
		};
		B6FCB50224E17269008ED5AD /* Resources */ = {
			isa = PBXResourcesBuildPhase;
			buildActionMask = 2147483647;
			files = (
			);
			runOnlyForDeploymentPostprocessing = 0;
		};
		B6FCB50D24E17269008ED5AD /* Resources */ = {
			isa = PBXResourcesBuildPhase;
			buildActionMask = 2147483647;
			files = (
			);
			runOnlyForDeploymentPostprocessing = 0;
		};
/* End PBXResourcesBuildPhase section */

/* Begin PBXShellScriptBuildPhase section */
		86C032B678E172C18CB1A039 /* [CP] Check Pods Manifest.lock */ = {
			isa = PBXShellScriptBuildPhase;
			buildActionMask = 2147483647;
			files = (
			);
			inputFileListPaths = (
			);
			inputPaths = (
				"${PODS_PODFILE_DIR_PATH}/Podfile.lock",
				"${PODS_ROOT}/Manifest.lock",
			);
			name = "[CP] Check Pods Manifest.lock";
			outputFileListPaths = (
			);
			outputPaths = (
				"$(DERIVED_FILE_DIR)/Pods-AmplifyTodo (macOS)-checkManifestLockResult.txt",
			);
			runOnlyForDeploymentPostprocessing = 0;
			shellPath = /bin/sh;
			shellScript = "diff \"${PODS_PODFILE_DIR_PATH}/Podfile.lock\" \"${PODS_ROOT}/Manifest.lock\" > /dev/null\nif [ $? != 0 ] ; then\n    # print error to STDERR\n    echo \"error: The sandbox is not in sync with the Podfile.lock. Run 'pod install' or update your CocoaPods installation.\" >&2\n    exit 1\nfi\n# This output is used by Xcode 'outputs' to avoid re-running this script phase.\necho \"SUCCESS\" > \"${SCRIPT_OUTPUT_FILE_0}\"\n";
			showEnvVarsInLog = 0;
		};
		8EDB8819627154B380FC0145 /* [CP] Check Pods Manifest.lock */ = {
			isa = PBXShellScriptBuildPhase;
			buildActionMask = 2147483647;
			files = (
			);
			inputFileListPaths = (
			);
			inputPaths = (
				"${PODS_PODFILE_DIR_PATH}/Podfile.lock",
				"${PODS_ROOT}/Manifest.lock",
			);
			name = "[CP] Check Pods Manifest.lock";
			outputFileListPaths = (
			);
			outputPaths = (
				"$(DERIVED_FILE_DIR)/Pods-AmplifyTodo (iOS)-checkManifestLockResult.txt",
			);
			runOnlyForDeploymentPostprocessing = 0;
			shellPath = /bin/sh;
			shellScript = "diff \"${PODS_PODFILE_DIR_PATH}/Podfile.lock\" \"${PODS_ROOT}/Manifest.lock\" > /dev/null\nif [ $? != 0 ] ; then\n    # print error to STDERR\n    echo \"error: The sandbox is not in sync with the Podfile.lock. Run 'pod install' or update your CocoaPods installation.\" >&2\n    exit 1\nfi\n# This output is used by Xcode 'outputs' to avoid re-running this script phase.\necho \"SUCCESS\" > \"${SCRIPT_OUTPUT_FILE_0}\"\n";
			showEnvVarsInLog = 0;
		};
		98BFBF6F85BBFFBC2B0ACEEB /* [CP] Embed Pods Frameworks */ = {
			isa = PBXShellScriptBuildPhase;
			buildActionMask = 2147483647;
			files = (
			);
			inputFileListPaths = (
				"${PODS_ROOT}/Target Support Files/Pods-AmplifyTodo (iOS)/Pods-AmplifyTodo (iOS)-frameworks-${CONFIGURATION}-input-files.xcfilelist",
			);
			name = "[CP] Embed Pods Frameworks";
			outputFileListPaths = (
				"${PODS_ROOT}/Target Support Files/Pods-AmplifyTodo (iOS)/Pods-AmplifyTodo (iOS)-frameworks-${CONFIGURATION}-output-files.xcfilelist",
			);
			runOnlyForDeploymentPostprocessing = 0;
			shellPath = /bin/sh;
			shellScript = "\"${PODS_ROOT}/Target Support Files/Pods-AmplifyTodo (iOS)/Pods-AmplifyTodo (iOS)-frameworks.sh\"\n";
			showEnvVarsInLog = 0;
		};
		B6FCB52C24E179C5008ED5AD /* Run Amplify Script */ = {
			isa = PBXShellScriptBuildPhase;
			buildActionMask = 2147483647;
			files = (
			);
			inputFileListPaths = (
			);
			inputPaths = (
			);
			name = "Run Amplify Script";
			outputFileListPaths = (
			);
			outputPaths = (
			);
			runOnlyForDeploymentPostprocessing = 0;
			shellPath = /bin/sh;
			shellScript = "\"${PODS_ROOT}/AmplifyTools/amplify-tools.sh\"\n";
		};
/* End PBXShellScriptBuildPhase section */

/* Begin PBXSourcesBuildPhase section */
		B6FCB4F124E17269008ED5AD /* Sources */ = {
			isa = PBXSourcesBuildPhase;
			buildActionMask = 2147483647;
			files = (
				B6FCB52824E1784B008ED5AD /* TodoListView.swift in Sources */,
				B6FCB52924E1784B008ED5AD /* NewTodoView.swift in Sources */,
				B6FCB51624E17269008ED5AD /* AmplifyTodoApp.swift in Sources */,
			);
			runOnlyForDeploymentPostprocessing = 0;
		};
		B6FCB4F824E17269008ED5AD /* Sources */ = {
			isa = PBXSourcesBuildPhase;
			buildActionMask = 2147483647;
			files = (
				B6FCB52A24E1788B008ED5AD /* TodoListView.swift in Sources */,
				B6FCB52B24E1788B008ED5AD /* NewTodoView.swift in Sources */,
				B6FCB51724E17269008ED5AD /* AmplifyTodoApp.swift in Sources */,
			);
			runOnlyForDeploymentPostprocessing = 0;
		};
		B6FCB50024E17269008ED5AD /* Sources */ = {
			isa = PBXSourcesBuildPhase;
			buildActionMask = 2147483647;
			files = (
				B6FCB50924E17269008ED5AD /* Tests_iOS.swift in Sources */,
			);
			runOnlyForDeploymentPostprocessing = 0;
		};
		B6FCB50B24E17269008ED5AD /* Sources */ = {
			isa = PBXSourcesBuildPhase;
			buildActionMask = 2147483647;
			files = (
				B6FCB51424E17269008ED5AD /* Tests_macOS.swift in Sources */,
			);
			runOnlyForDeploymentPostprocessing = 0;
		};
/* End PBXSourcesBuildPhase section */

/* Begin PBXTargetDependency section */
		B6FCB50624E17269008ED5AD /* PBXTargetDependency */ = {
			isa = PBXTargetDependency;
			target = B6FCB4F424E17269008ED5AD /* AmplifyTodo (iOS) */;
			targetProxy = B6FCB50524E17269008ED5AD /* PBXContainerItemProxy */;
		};
		B6FCB51124E17269008ED5AD /* PBXTargetDependency */ = {
			isa = PBXTargetDependency;
			target = B6FCB4FB24E17269008ED5AD /* AmplifyTodo (macOS) */;
			targetProxy = B6FCB51024E17269008ED5AD /* PBXContainerItemProxy */;
		};
/* End PBXTargetDependency section */

/* Begin XCBuildConfiguration section */
		B6A66B0224E106440008CF99 /* Debug */ = {
			isa = XCBuildConfiguration;
			buildSettings = {
				ALWAYS_SEARCH_USER_PATHS = NO;
				CLANG_ANALYZER_NONNULL = YES;
				CLANG_ANALYZER_NUMBER_OBJECT_CONVERSION = YES_AGGRESSIVE;
				CLANG_CXX_LANGUAGE_STANDARD = "gnu++14";
				CLANG_CXX_LIBRARY = "libc++";
				CLANG_ENABLE_MODULES = YES;
				CLANG_ENABLE_OBJC_ARC = YES;
				CLANG_ENABLE_OBJC_WEAK = YES;
				CLANG_WARN_BLOCK_CAPTURE_AUTORELEASING = YES;
				CLANG_WARN_BOOL_CONVERSION = YES;
				CLANG_WARN_COMMA = YES;
				CLANG_WARN_CONSTANT_CONVERSION = YES;
				CLANG_WARN_DEPRECATED_OBJC_IMPLEMENTATIONS = YES;
				CLANG_WARN_DIRECT_OBJC_ISA_USAGE = YES_ERROR;
				CLANG_WARN_DOCUMENTATION_COMMENTS = YES;
				CLANG_WARN_EMPTY_BODY = YES;
				CLANG_WARN_ENUM_CONVERSION = YES;
				CLANG_WARN_INFINITE_RECURSION = YES;
				CLANG_WARN_INT_CONVERSION = YES;
				CLANG_WARN_NON_LITERAL_NULL_CONVERSION = YES;
				CLANG_WARN_OBJC_IMPLICIT_RETAIN_SELF = YES;
				CLANG_WARN_OBJC_LITERAL_CONVERSION = YES;
				CLANG_WARN_OBJC_ROOT_CLASS = YES_ERROR;
				CLANG_WARN_RANGE_LOOP_ANALYSIS = YES;
				CLANG_WARN_STRICT_PROTOTYPES = YES;
				CLANG_WARN_SUSPICIOUS_MOVE = YES;
				CLANG_WARN_UNGUARDED_AVAILABILITY = YES_AGGRESSIVE;
				CLANG_WARN_UNREACHABLE_CODE = YES;
				CLANG_WARN__DUPLICATE_METHOD_MATCH = YES;
				COPY_PHASE_STRIP = NO;
				DEBUG_INFORMATION_FORMAT = dwarf;
				ENABLE_STRICT_OBJC_MSGSEND = YES;
				ENABLE_TESTABILITY = YES;
				GCC_C_LANGUAGE_STANDARD = gnu11;
				GCC_DYNAMIC_NO_PIC = NO;
				GCC_NO_COMMON_BLOCKS = YES;
				GCC_OPTIMIZATION_LEVEL = 0;
				GCC_PREPROCESSOR_DEFINITIONS = (
					"DEBUG=1",
					"$(inherited)",
				);
				GCC_WARN_64_TO_32_BIT_CONVERSION = YES;
				GCC_WARN_ABOUT_RETURN_TYPE = YES_ERROR;
				GCC_WARN_UNDECLARED_SELECTOR = YES;
				GCC_WARN_UNINITIALIZED_AUTOS = YES_AGGRESSIVE;
				GCC_WARN_UNUSED_FUNCTION = YES;
				GCC_WARN_UNUSED_VARIABLE = YES;
				IPHONEOS_DEPLOYMENT_TARGET = 14.0;
				MTL_ENABLE_DEBUG_INFO = INCLUDE_SOURCE;
				MTL_FAST_MATH = YES;
				ONLY_ACTIVE_ARCH = YES;
				SDKROOT = iphoneos;
				SWIFT_ACTIVE_COMPILATION_CONDITIONS = DEBUG;
				SWIFT_OPTIMIZATION_LEVEL = "-Onone";
			};
			name = Debug;
		};
		B6A66B0324E106440008CF99 /* Release */ = {
			isa = XCBuildConfiguration;
			buildSettings = {
				ALWAYS_SEARCH_USER_PATHS = NO;
				CLANG_ANALYZER_NONNULL = YES;
				CLANG_ANALYZER_NUMBER_OBJECT_CONVERSION = YES_AGGRESSIVE;
				CLANG_CXX_LANGUAGE_STANDARD = "gnu++14";
				CLANG_CXX_LIBRARY = "libc++";
				CLANG_ENABLE_MODULES = YES;
				CLANG_ENABLE_OBJC_ARC = YES;
				CLANG_ENABLE_OBJC_WEAK = YES;
				CLANG_WARN_BLOCK_CAPTURE_AUTORELEASING = YES;
				CLANG_WARN_BOOL_CONVERSION = YES;
				CLANG_WARN_COMMA = YES;
				CLANG_WARN_CONSTANT_CONVERSION = YES;
				CLANG_WARN_DEPRECATED_OBJC_IMPLEMENTATIONS = YES;
				CLANG_WARN_DIRECT_OBJC_ISA_USAGE = YES_ERROR;
				CLANG_WARN_DOCUMENTATION_COMMENTS = YES;
				CLANG_WARN_EMPTY_BODY = YES;
				CLANG_WARN_ENUM_CONVERSION = YES;
				CLANG_WARN_INFINITE_RECURSION = YES;
				CLANG_WARN_INT_CONVERSION = YES;
				CLANG_WARN_NON_LITERAL_NULL_CONVERSION = YES;
				CLANG_WARN_OBJC_IMPLICIT_RETAIN_SELF = YES;
				CLANG_WARN_OBJC_LITERAL_CONVERSION = YES;
				CLANG_WARN_OBJC_ROOT_CLASS = YES_ERROR;
				CLANG_WARN_RANGE_LOOP_ANALYSIS = YES;
				CLANG_WARN_STRICT_PROTOTYPES = YES;
				CLANG_WARN_SUSPICIOUS_MOVE = YES;
				CLANG_WARN_UNGUARDED_AVAILABILITY = YES_AGGRESSIVE;
				CLANG_WARN_UNREACHABLE_CODE = YES;
				CLANG_WARN__DUPLICATE_METHOD_MATCH = YES;
				COPY_PHASE_STRIP = NO;
				DEBUG_INFORMATION_FORMAT = "dwarf-with-dsym";
				ENABLE_NS_ASSERTIONS = NO;
				ENABLE_STRICT_OBJC_MSGSEND = YES;
				GCC_C_LANGUAGE_STANDARD = gnu11;
				GCC_NO_COMMON_BLOCKS = YES;
				GCC_WARN_64_TO_32_BIT_CONVERSION = YES;
				GCC_WARN_ABOUT_RETURN_TYPE = YES_ERROR;
				GCC_WARN_UNDECLARED_SELECTOR = YES;
				GCC_WARN_UNINITIALIZED_AUTOS = YES_AGGRESSIVE;
				GCC_WARN_UNUSED_FUNCTION = YES;
				GCC_WARN_UNUSED_VARIABLE = YES;
				IPHONEOS_DEPLOYMENT_TARGET = 14.0;
				MTL_ENABLE_DEBUG_INFO = NO;
				MTL_FAST_MATH = YES;
				SDKROOT = iphoneos;
				SWIFT_COMPILATION_MODE = wholemodule;
				SWIFT_OPTIMIZATION_LEVEL = "-O";
				VALIDATE_PRODUCT = YES;
			};
			name = Release;
		};
		B6FCB51D24E17269008ED5AD /* Debug */ = {
			isa = XCBuildConfiguration;
			baseConfigurationReference = 37A80722910BC89B3CE8375D /* Pods-AmplifyTodo (iOS).debug.xcconfig */;
			buildSettings = {
				ASSETCATALOG_COMPILER_APPICON_NAME = AppIcon;
				ASSETCATALOG_COMPILER_GLOBAL_ACCENT_COLOR_NAME = AccentColor;
				CLANG_WARN_QUOTED_INCLUDE_IN_FRAMEWORK_HEADER = YES;
				CODE_SIGN_STYLE = Automatic;
				DEVELOPMENT_TEAM = 8ER86CP2SB;
				ENABLE_PREVIEWS = YES;
				INFOPLIST_FILE = iOS/Info.plist;
				IPHONEOS_DEPLOYMENT_TARGET = 14.0;
				LD_RUNPATH_SEARCH_PATHS = (
					"$(inherited)",
					"@executable_path/Frameworks",
				);
				PRODUCT_BUNDLE_IDENTIFIER = com.moca.hira22.sample.AmplifyTodo;
				PRODUCT_NAME = AmplifyTodo;
				SDKROOT = iphoneos;
				SWIFT_VERSION = 5.0;
				TARGETED_DEVICE_FAMILY = "1,2";
			};
			name = Debug;
		};
		B6FCB51E24E17269008ED5AD /* Release */ = {
			isa = XCBuildConfiguration;
			baseConfigurationReference = 80B3D1C1DE0AA7BA6AD94960 /* Pods-AmplifyTodo (iOS).release.xcconfig */;
			buildSettings = {
				ASSETCATALOG_COMPILER_APPICON_NAME = AppIcon;
				ASSETCATALOG_COMPILER_GLOBAL_ACCENT_COLOR_NAME = AccentColor;
				CLANG_WARN_QUOTED_INCLUDE_IN_FRAMEWORK_HEADER = YES;
				CODE_SIGN_STYLE = Automatic;
				DEVELOPMENT_TEAM = 8ER86CP2SB;
				ENABLE_PREVIEWS = YES;
				INFOPLIST_FILE = iOS/Info.plist;
				IPHONEOS_DEPLOYMENT_TARGET = 14.0;
				LD_RUNPATH_SEARCH_PATHS = (
					"$(inherited)",
					"@executable_path/Frameworks",
				);
				PRODUCT_BUNDLE_IDENTIFIER = com.moca.hira22.sample.AmplifyTodo;
				PRODUCT_NAME = AmplifyTodo;
				SDKROOT = iphoneos;
				SWIFT_VERSION = 5.0;
				TARGETED_DEVICE_FAMILY = "1,2";
				VALIDATE_PRODUCT = YES;
			};
			name = Release;
		};
		B6FCB52024E17269008ED5AD /* Debug */ = {
			isa = XCBuildConfiguration;
			baseConfigurationReference = 4873A3B5448DAFEC5B717C68 /* Pods-AmplifyTodo (macOS).debug.xcconfig */;
			buildSettings = {
				ASSETCATALOG_COMPILER_APPICON_NAME = AppIcon;
				ASSETCATALOG_COMPILER_GLOBAL_ACCENT_COLOR_NAME = AccentColor;
				CLANG_WARN_QUOTED_INCLUDE_IN_FRAMEWORK_HEADER = YES;
				CODE_SIGN_ENTITLEMENTS = macOS/macOS.entitlements;
				CODE_SIGN_STYLE = Automatic;
				COMBINE_HIDPI_IMAGES = YES;
				DEVELOPMENT_TEAM = 8ER86CP2SB;
				ENABLE_HARDENED_RUNTIME = YES;
				ENABLE_PREVIEWS = YES;
				INFOPLIST_FILE = macOS/Info.plist;
				LD_RUNPATH_SEARCH_PATHS = (
					"$(inherited)",
					"@executable_path/../Frameworks",
				);
				MACOSX_DEPLOYMENT_TARGET = 11.0;
				PRODUCT_BUNDLE_IDENTIFIER = com.moca.hira22.sample.AmplifyTodo;
				PRODUCT_NAME = AmplifyTodo;
				SDKROOT = macosx;
				SWIFT_VERSION = 5.0;
			};
			name = Debug;
		};
		B6FCB52124E17269008ED5AD /* Release */ = {
			isa = XCBuildConfiguration;
			baseConfigurationReference = BFF9301033BE8B2DDC1D7763 /* Pods-AmplifyTodo (macOS).release.xcconfig */;
			buildSettings = {
				ASSETCATALOG_COMPILER_APPICON_NAME = AppIcon;
				ASSETCATALOG_COMPILER_GLOBAL_ACCENT_COLOR_NAME = AccentColor;
				CLANG_WARN_QUOTED_INCLUDE_IN_FRAMEWORK_HEADER = YES;
				CODE_SIGN_ENTITLEMENTS = macOS/macOS.entitlements;
				CODE_SIGN_STYLE = Automatic;
				COMBINE_HIDPI_IMAGES = YES;
				DEVELOPMENT_TEAM = 8ER86CP2SB;
				ENABLE_HARDENED_RUNTIME = YES;
				ENABLE_PREVIEWS = YES;
				INFOPLIST_FILE = macOS/Info.plist;
				LD_RUNPATH_SEARCH_PATHS = (
					"$(inherited)",
					"@executable_path/../Frameworks",
				);
				MACOSX_DEPLOYMENT_TARGET = 11.0;
				PRODUCT_BUNDLE_IDENTIFIER = com.moca.hira22.sample.AmplifyTodo;
				PRODUCT_NAME = AmplifyTodo;
				SDKROOT = macosx;
				SWIFT_VERSION = 5.0;
			};
			name = Release;
		};
		B6FCB52324E17269008ED5AD /* Debug */ = {
			isa = XCBuildConfiguration;
			buildSettings = {
				ALWAYS_EMBED_SWIFT_STANDARD_LIBRARIES = YES;
				CLANG_WARN_QUOTED_INCLUDE_IN_FRAMEWORK_HEADER = YES;
				CODE_SIGN_STYLE = Automatic;
				DEVELOPMENT_TEAM = 8ER86CP2SB;
				INFOPLIST_FILE = "Tests iOS/Info.plist";
				LD_RUNPATH_SEARCH_PATHS = (
					"$(inherited)",
					"@executable_path/Frameworks",
					"@loader_path/Frameworks",
				);
				PRODUCT_BUNDLE_IDENTIFIER = "com.moca.hira22.sample.Tests-iOS";
				PRODUCT_NAME = "$(TARGET_NAME)";
				SWIFT_VERSION = 5.0;
				TARGETED_DEVICE_FAMILY = "1,2";
				TEST_TARGET_NAME = "AmplifyTodo (iOS)";
			};
			name = Debug;
		};
		B6FCB52424E17269008ED5AD /* Release */ = {
			isa = XCBuildConfiguration;
			buildSettings = {
				ALWAYS_EMBED_SWIFT_STANDARD_LIBRARIES = YES;
				CLANG_WARN_QUOTED_INCLUDE_IN_FRAMEWORK_HEADER = YES;
				CODE_SIGN_STYLE = Automatic;
				DEVELOPMENT_TEAM = 8ER86CP2SB;
				INFOPLIST_FILE = "Tests iOS/Info.plist";
				LD_RUNPATH_SEARCH_PATHS = (
					"$(inherited)",
					"@executable_path/Frameworks",
					"@loader_path/Frameworks",
				);
				PRODUCT_BUNDLE_IDENTIFIER = "com.moca.hira22.sample.Tests-iOS";
				PRODUCT_NAME = "$(TARGET_NAME)";
				SWIFT_VERSION = 5.0;
				TARGETED_DEVICE_FAMILY = "1,2";
				TEST_TARGET_NAME = "AmplifyTodo (iOS)";
			};
			name = Release;
		};
		B6FCB52624E17269008ED5AD /* Debug */ = {
			isa = XCBuildConfiguration;
			buildSettings = {
				ALWAYS_EMBED_SWIFT_STANDARD_LIBRARIES = YES;
				CLANG_WARN_QUOTED_INCLUDE_IN_FRAMEWORK_HEADER = YES;
				CODE_SIGN_STYLE = Automatic;
				COMBINE_HIDPI_IMAGES = YES;
				DEVELOPMENT_TEAM = 8ER86CP2SB;
				INFOPLIST_FILE = "Tests macOS/Info.plist";
				LD_RUNPATH_SEARCH_PATHS = (
					"$(inherited)",
					"@executable_path/../Frameworks",
					"@loader_path/../Frameworks",
				);
				MACOSX_DEPLOYMENT_TARGET = 11.0;
				PRODUCT_BUNDLE_IDENTIFIER = "com.moca.hira22.sample.Tests-macOS";
				PRODUCT_NAME = "$(TARGET_NAME)";
				SDKROOT = macosx;
				SWIFT_VERSION = 5.0;
				TEST_TARGET_NAME = "AmplifyTodo (macOS)";
			};
			name = Debug;
		};
		B6FCB52724E17269008ED5AD /* Release */ = {
			isa = XCBuildConfiguration;
			buildSettings = {
				ALWAYS_EMBED_SWIFT_STANDARD_LIBRARIES = YES;
				CLANG_WARN_QUOTED_INCLUDE_IN_FRAMEWORK_HEADER = YES;
				CODE_SIGN_STYLE = Automatic;
				COMBINE_HIDPI_IMAGES = YES;
				DEVELOPMENT_TEAM = 8ER86CP2SB;
				INFOPLIST_FILE = "Tests macOS/Info.plist";
				LD_RUNPATH_SEARCH_PATHS = (
					"$(inherited)",
					"@executable_path/../Frameworks",
					"@loader_path/../Frameworks",
				);
				MACOSX_DEPLOYMENT_TARGET = 11.0;
				PRODUCT_BUNDLE_IDENTIFIER = "com.moca.hira22.sample.Tests-macOS";
				PRODUCT_NAME = "$(TARGET_NAME)";
				SDKROOT = macosx;
				SWIFT_VERSION = 5.0;
				TEST_TARGET_NAME = "AmplifyTodo (macOS)";
			};
			name = Release;
		};
/* End XCBuildConfiguration section */

/* Begin XCConfigurationList section */
		B6A66AD524E106430008CF99 /* Build configuration list for PBXProject "AmplifyTodo" */ = {
			isa = XCConfigurationList;
			buildConfigurations = (
				B6A66B0224E106440008CF99 /* Debug */,
				B6A66B0324E106440008CF99 /* Release */,
			);
			defaultConfigurationIsVisible = 0;
			defaultConfigurationName = Release;
		};
		B6FCB51C24E17269008ED5AD /* Build configuration list for PBXNativeTarget "AmplifyTodo (iOS)" */ = {
			isa = XCConfigurationList;
			buildConfigurations = (
				B6FCB51D24E17269008ED5AD /* Debug */,
				B6FCB51E24E17269008ED5AD /* Release */,
			);
			defaultConfigurationIsVisible = 0;
			defaultConfigurationName = Release;
		};
		B6FCB51F24E17269008ED5AD /* Build configuration list for PBXNativeTarget "AmplifyTodo (macOS)" */ = {
			isa = XCConfigurationList;
			buildConfigurations = (
				B6FCB52024E17269008ED5AD /* Debug */,
				B6FCB52124E17269008ED5AD /* Release */,
			);
			defaultConfigurationIsVisible = 0;
			defaultConfigurationName = Release;
		};
		B6FCB52224E17269008ED5AD /* Build configuration list for PBXNativeTarget "Tests iOS" */ = {
			isa = XCConfigurationList;
			buildConfigurations = (
				B6FCB52324E17269008ED5AD /* Debug */,
				B6FCB52424E17269008ED5AD /* Release */,
			);
			defaultConfigurationIsVisible = 0;
			defaultConfigurationName = Release;
		};
		B6FCB52524E17269008ED5AD /* Build configuration list for PBXNativeTarget "Tests macOS" */ = {
			isa = XCConfigurationList;
			buildConfigurations = (
				B6FCB52624E17269008ED5AD /* Debug */,
				B6FCB52724E17269008ED5AD /* Release */,
			);
			defaultConfigurationIsVisible = 0;
			defaultConfigurationName = Release;
		};
/* End XCConfigurationList section */
	};
	rootObject = B6A66AD224E106430008CF99 /* Project object */;
}
